// !$*UTF8*$!
{
	archiveVersion = 1;
	classes = {
	};
	objectVersion = 46;
	objects = {

/* Begin PBXBuildFile section */
		C46954371DF4CB2800B2DD36 /* AppDelegate.swift in Sources */ = {isa = PBXBuildFile; fileRef = C46954361DF4CB2800B2DD36 /* AppDelegate.swift */; };
		C46954391DF4CB2800B2DD36 /* ViewController.swift in Sources */ = {isa = PBXBuildFile; fileRef = C46954381DF4CB2800B2DD36 /* ViewController.swift */; };
		C469543C1DF4CB2800B2DD36 /* Main.storyboard in Resources */ = {isa = PBXBuildFile; fileRef = C469543A1DF4CB2800B2DD36 /* Main.storyboard */; };
		C469543E1DF4CB2800B2DD36 /* Assets.xcassets in Resources */ = {isa = PBXBuildFile; fileRef = C469543D1DF4CB2800B2DD36 /* Assets.xcassets */; };
		C46954411DF4CB2800B2DD36 /* LaunchScreen.storyboard in Resources */ = {isa = PBXBuildFile; fileRef = C469543F1DF4CB2800B2DD36 /* LaunchScreen.storyboard */; };
/* End PBXBuildFile section */

/* Begin PBXFileReference section */
		C46954331DF4CB2800B2DD36 /* Marvelopedia.app */ = {isa = PBXFileReference; explicitFileType = wrapper.application; includeInIndex = 0; path = Marvelopedia.app; sourceTree = BUILT_PRODUCTS_DIR; };
		C46954361DF4CB2800B2DD36 /* AppDelegate.swift */ = {isa = PBXFileReference; lastKnownFileType = sourcecode.swift; path = AppDelegate.swift; sourceTree = "<group>"; };
		C46954381DF4CB2800B2DD36 /* ViewController.swift */ = {isa = PBXFileReference; lastKnownFileType = sourcecode.swift; path = ViewController.swift; sourceTree = "<group>"; };
		C469543B1DF4CB2800B2DD36 /* Base */ = {isa = PBXFileReference; lastKnownFileType = file.storyboard; name = Base; path = Base.lproj/Main.storyboard; sourceTree = "<group>"; };
		C469543D1DF4CB2800B2DD36 /* Assets.xcassets */ = {isa = PBXFileReference; lastKnownFileType = folder.assetcatalog; path = Assets.xcassets; sourceTree = "<group>"; };
		C46954401DF4CB2800B2DD36 /* Base */ = {isa = PBXFileReference; lastKnownFileType = file.storyboard; name = Base; path = Base.lproj/LaunchScreen.storyboard; sourceTree = "<group>"; };
		C46954421DF4CB2800B2DD36 /* Info.plist */ = {isa = PBXFileReference; lastKnownFileType = text.plist.xml; path = Info.plist; sourceTree = "<group>"; };
/* End PBXFileReference section */

/* Begin PBXFrameworksBuildPhase section */
		C46954301DF4CB2800B2DD36 /* Frameworks */ = {
			isa = PBXFrameworksBuildPhase;
			buildActionMask = 2147483647;
			files = (
			);
			runOnlyForDeploymentPostprocessing = 0;
		};
/* End PBXFrameworksBuildPhase section */

/* Begin PBXGroup section */
		C469542A1DF4CB2800B2DD36 = {
			isa = PBXGroup;
			children = (
				C46954351DF4CB2800B2DD36 /* Marvelopedia */,
				C46954341DF4CB2800B2DD36 /* Products */,
			);
			sourceTree = "<group>";
		};
		C46954341DF4CB2800B2DD36 /* Products */ = {
			isa = PBXGroup;
			children = (
				C46954331DF4CB2800B2DD36 /* Marvelopedia.app */,
			);
			name = Products;
			sourceTree = "<group>";
		};
		C46954351DF4CB2800B2DD36 /* Marvelopedia */ = {
			isa = PBXGroup;
			children = (
				C46954361DF4CB2800B2DD36 /* AppDelegate.swift */,
				C46954381DF4CB2800B2DD36 /* ViewController.swift */,
				C469543A1DF4CB2800B2DD36 /* Main.storyboard */,
				C469543D1DF4CB2800B2DD36 /* Assets.xcassets */,
				C469543F1DF4CB2800B2DD36 /* LaunchScreen.storyboard */,
				C46954421DF4CB2800B2DD36 /* Info.plist */,
			);
			path = Marvelopedia;
			sourceTree = "<group>";
		};
/* End PBXGroup section */

/* Begin PBXNativeTarget section */
		C46954321DF4CB2800B2DD36 /* Marvelopedia */ = {
			isa = PBXNativeTarget;
			buildConfigurationList = C46954451DF4CB2800B2DD36 /* Build configuration list for PBXNativeTarget "Marvelopedia" */;
			buildPhases = (
				C469542F1DF4CB2800B2DD36 /* Sources */,
				C46954301DF4CB2800B2DD36 /* Frameworks */,
				C46954311DF4CB2800B2DD36 /* Resources */,
			);
			buildRules = (
			);
			dependencies = (
			);
			name = Marvelopedia;
			productName = Marvelopedia;
			productReference = C46954331DF4CB2800B2DD36 /* Marvelopedia.app */;
			productType = "com.apple.product-type.application";
		};
/* End PBXNativeTarget section */

/* Begin PBXProject section */
		C469542B1DF4CB2800B2DD36 /* Project object */ = {
			isa = PBXProject;
			attributes = {
				LastSwiftUpdateCheck = 0810;
				LastUpgradeCheck = 0810;
				ORGANIZATIONNAME = Cory;
				TargetAttributes = {
					C46954321DF4CB2800B2DD36 = {
						CreatedOnToolsVersion = 8.1;
						DevelopmentTeam = 595GQGY9Q9;
						ProvisioningStyle = Automatic;
					};
				};
			};
			buildConfigurationList = C469542E1DF4CB2800B2DD36 /* Build configuration list for PBXProject "Marvelopedia" */;
			compatibilityVersion = "Xcode 3.2";
			developmentRegion = English;
			hasScannedForEncodings = 0;
			knownRegions = (
				en,
				Base,
			);
			mainGroup = C469542A1DF4CB2800B2DD36;
			productRefGroup = C46954341DF4CB2800B2DD36 /* Products */;
			projectDirPath = "";
			projectRoot = "";
			targets = (
				C46954321DF4CB2800B2DD36 /* Marvelopedia */,
			);
		};
/* End PBXProject section */

/* Begin PBXResourcesBuildPhase section */
		C46954311DF4CB2800B2DD36 /* Resources */ = {
			isa = PBXResourcesBuildPhase;
			buildActionMask = 2147483647;
			files = (
				C46954411DF4CB2800B2DD36 /* LaunchScreen.storyboard in Resources */,
				C469543E1DF4CB2800B2DD36 /* Assets.xcassets in Resources */,
				C469543C1DF4CB2800B2DD36 /* Main.storyboard in Resources */,
			);
			runOnlyForDeploymentPostprocessing = 0;
		};
/* End PBXResourcesBuildPhase section */

/* Begin PBXSourcesBuildPhase section */
		C469542F1DF4CB2800B2DD36 /* Sources */ = {
			isa = PBXSourcesBuildPhase;
			buildActionMask = 2147483647;
			files = (
				C46954391DF4CB2800B2DD36 /* ViewController.swift in Sources */,
				C46954371DF4CB2800B2DD36 /* AppDelegate.swift in Sources */,
			);
			runOnlyForDeploymentPostprocessing = 0;
		};
/* End PBXSourcesBuildPhase section */

/* Begin PBXVariantGroup section */
		C469543A1DF4CB2800B2DD36 /* Main.storyboard */ = {
			isa = PBXVariantGroup;
			children = (
				C469543B1DF4CB2800B2DD36 /* Base */,
			);
			name = Main.storyboard;
			sourceTree = "<group>";
		};
		C469543F1DF4CB2800B2DD36 /* LaunchScreen.storyboard */ = {
			isa = PBXVariantGroup;
			children = (
				C46954401DF4CB2800B2DD36 /* Base */,
			);
			name = LaunchScreen.storyboard;
			sourceTree = "<group>";
		};
/* End PBXVariantGroup section */

/* Begin XCBuildConfiguration section */
		C46954431DF4CB2800B2DD36 /* Debug */ = {
			isa = XCBuildConfiguration;
			buildSettings = {
				ALWAYS_SEARCH_USER_PATHS = NO;
				CLANG_ANALYZER_NONNULL = YES;
				CLANG_CXX_LANGUAGE_STANDARD = "gnu++0x";
				CLANG_CXX_LIBRARY = "libc++";
				CLANG_ENABLE_MODULES = YES;
				CLANG_ENABLE_OBJC_ARC = YES;
				CLANG_WARN_BOOL_CONVERSION = YES;
				CLANG_WARN_CONSTANT_CONVERSION = YES;
				CLANG_WARN_DIRECT_OBJC_ISA_USAGE = YES_ERROR;
				CLANG_WARN_DOCUMENTATION_COMMENTS = YES;
				CLANG_WARN_EMPTY_BODY = YES;
				CLANG_WARN_ENUM_CONVERSION = YES;
				CLANG_WARN_INFINITE_RECURSION = YES;
				CLANG_WARN_INT_CONVERSION = YES;
				CLANG_WARN_OBJC_ROOT_CLASS = YES_ERROR;
				CLANG_WARN_SUSPICIOUS_MOVES = YES;
				CLANG_WARN_UNREACHABLE_CODE = YES;
				CLANG_WARN__DUPLICATE_METHOD_MATCH = YES;
				"CODE_SIGN_IDENTITY[sdk=iphoneos*]" = "iPhone Developer";
				COPY_PHASE_STRIP = NO;
				DEBUG_INFORMATION_FORMAT = dwarf;
				ENABLE_STRICT_OBJC_MSGSEND = YES;
				ENABLE_TESTABILITY = YES;
				GCC_C_LANGUAGE_STANDARD = gnu99;
				GCC_DYNAMIC_NO_PIC = NO;
				GCC_NO_COMMON_BLOCKS = YES;
				GCC_OPTIMIZATION_LEVEL = 0;
				GCC_PREPROCESSOR_DEFINITIONS = (
					"DEBUG=1",
					"$(inherited)",
				);
				GCC_WARN_64_TO_32_BIT_CONVERSION = YES;
				GCC_WARN_ABOUT_RETURN_TYPE = YES_ERROR;
				GCC_WARN_UNDECLARED_SELECTOR = YES;
				GCC_WARN_UNINITIALIZED_AUTOS = YES_AGGRESSIVE;
				GCC_WARN_UNUSED_FUNCTION = YES;
				GCC_WARN_UNUSED_VARIABLE = YES;
				IPHONEOS_DEPLOYMENT_TARGET = 10.1;
				MTL_ENABLE_DEBUG_INFO = YES;
				ONLY_ACTIVE_ARCH = YES;
				SDKROOT = iphoneos;
				SWIFT_ACTIVE_COMPILATION_CONDITIONS = DEBUG;
				SWIFT_OPTIMIZATION_LEVEL = "-Onone";
				TARGETED_DEVICE_FAMILY = "1,2";
			};
			name = Debug;
		};
		C46954441DF4CB2800B2DD36 /* Release */ = {
			isa = XCBuildConfiguration;
			buildSettings = {
				ALWAYS_SEARCH_USER_PATHS = NO;
				CLANG_ANALYZER_NONNULL = YES;
				CLANG_CXX_LANGUAGE_STANDARD = "gnu++0x";
				CLANG_CXX_LIBRARY = "libc++";
				CLANG_ENABLE_MODULES = YES;
				CLANG_ENABLE_OBJC_ARC = YES;
				CLANG_WARN_BOOL_CONVERSION = YES;
				CLANG_WARN_CONSTANT_CONVERSION = YES;
				CLANG_WARN_DIRECT_OBJC_ISA_USAGE = YES_ERROR;
				CLANG_WARN_DOCUMENTATION_COMMENTS = YES;
				CLANG_WARN_EMPTY_BODY = YES;
				CLANG_WARN_ENUM_CONVERSION = YES;
				CLANG_WARN_INFINITE_RECURSION = YES;
				CLANG_WARN_INT_CONVERSION = YES;
				CLANG_WARN_OBJC_ROOT_CLASS = YES_ERROR;
				CLANG_WARN_SUSPICIOUS_MOVES = YES;
				CLANG_WARN_UNREACHABLE_CODE = YES;
				CLANG_WARN__DUPLICATE_METHOD_MATCH = YES;
				"CODE_SIGN_IDENTITY[sdk=iphoneos*]" = "iPhone Developer";
				COPY_PHASE_STRIP = NO;
				DEBUG_INFORMATION_FORMAT = "dwarf-with-dsym";
				ENABLE_NS_ASSERTIONS = NO;
				ENABLE_STRICT_OBJC_MSGSEND = YES;
				GCC_C_LANGUAGE_STANDARD = gnu99;
				GCC_NO_COMMON_BLOCKS = YES;
				GCC_WARN_64_TO_32_BIT_CONVERSION = YES;
				GCC_WARN_ABOUT_RETURN_TYPE = YES_ERROR;
				GCC_WARN_UNDECLARED_SELECTOR = YES;
				GCC_WARN_UNINITIALIZED_AUTOS = YES_AGGRESSIVE;
				GCC_WARN_UNUSED_FUNCTION = YES;
				GCC_WARN_UNUSED_VARIABLE = YES;
				IPHONEOS_DEPLOYMENT_TARGET = 10.1;
				MTL_ENABLE_DEBUG_INFO = NO;
				SDKROOT = iphoneos;
				SWIFT_OPTIMIZATION_LEVEL = "-Owholemodule";
				TARGETED_DEVICE_FAMILY = "1,2";
				VALIDATE_PRODUCT = YES;
			};
			name = Release;
		};
		C46954461DF4CB2800B2DD36 /* Debug */ = {
			isa = XCBuildConfiguration;
			buildSettings = {
				ASSETCATALOG_COMPILER_APPICON_NAME = AppIcon;
				DEVELOPMENT_TEAM = 595GQGY9Q9;
				INFOPLIST_FILE = Marvelopedia/Info.plist;
				LD_RUNPATH_SEARCH_PATHS = "$(inherited) @executable_path/Frameworks";
				PRODUCT_BUNDLE_IDENTIFIER = com.cory.Marvelopedia;
				PRODUCT_NAME = "$(TARGET_NAME)";
				SWIFT_VERSION = 3.0;
			};
			name = Debug;
		};
		C46954471DF4CB2800B2DD36 /* Release */ = {
			isa = XCBuildConfiguration;
			buildSettings = {
				ASSETCATALOG_COMPILER_APPICON_NAME = AppIcon;
				DEVELOPMENT_TEAM = 595GQGY9Q9;
				INFOPLIST_FILE = Marvelopedia/Info.plist;
				LD_RUNPATH_SEARCH_PATHS = "$(inherited) @executable_path/Frameworks";
				PRODUCT_BUNDLE_IDENTIFIER = com.cory.Marvelopedia;
				PRODUCT_NAME = "$(TARGET_NAME)";
				SWIFT_VERSION = 3.0;
			};
			name = Release;
		};
/* End XCBuildConfiguration section */

/* Begin XCConfigurationList section */
		C469542E1DF4CB2800B2DD36 /* Build configuration list for PBXProject "Marvelopedia" */ = {
			isa = XCConfigurationList;
			buildConfigurations = (
				C46954431DF4CB2800B2DD36 /* Debug */,
				C46954441DF4CB2800B2DD36 /* Release */,
			);
			defaultConfigurationIsVisible = 0;
			defaultConfigurationName = Release;
		};
		C46954451DF4CB2800B2DD36 /* Build configuration list for PBXNativeTarget "Marvelopedia" */ = {
			isa = XCConfigurationList;
			buildConfigurations = (
				C46954461DF4CB2800B2DD36 /* Debug */,
				C46954471DF4CB2800B2DD36 /* Release */,
			);
			defaultConfigurationIsVisible = 0;
		};
/* End XCConfigurationList section */
	};
	rootObject = C469542B1DF4CB2800B2DD36 /* Project object */;
}
